// !$*UTF8*$!
{
	archiveVersion = 1;
	classes = {
	};
	objectVersion = 50;
	objects = {

/* Begin PBXBuildFile section */
		4E905E0A2459654D00CAD5B5 /* AppDelegate.swift in Sources */ = {isa = PBXBuildFile; fileRef = 4E905E092459654D00CAD5B5 /* AppDelegate.swift */; };
		4E905E0C2459654D00CAD5B5 /* SceneDelegate.swift in Sources */ = {isa = PBXBuildFile; fileRef = 4E905E0B2459654D00CAD5B5 /* SceneDelegate.swift */; };
		4E905E132459654D00CAD5B5 /* Assets.xcassets in Resources */ = {isa = PBXBuildFile; fileRef = 4E905E122459654D00CAD5B5 /* Assets.xcassets */; };
		4E905E162459654D00CAD5B5 /* LaunchScreen.storyboard in Resources */ = {isa = PBXBuildFile; fileRef = 4E905E142459654D00CAD5B5 /* LaunchScreen.storyboard */; };
		4E905E212459654E00CAD5B5 /* WordFallTests.swift in Sources */ = {isa = PBXBuildFile; fileRef = 4E905E202459654E00CAD5B5 /* WordFallTests.swift */; };
		4E905E302459667400CAD5B5 /* Coordinator.swift in Sources */ = {isa = PBXBuildFile; fileRef = 4E905E2F2459667400CAD5B5 /* Coordinator.swift */; };
		4E905E322459668B00CAD5B5 /* AppCoordinator.swift in Sources */ = {isa = PBXBuildFile; fileRef = 4E905E312459668B00CAD5B5 /* AppCoordinator.swift */; };
		4E905E342459669E00CAD5B5 /* GameCoordinator.swift in Sources */ = {isa = PBXBuildFile; fileRef = 4E905E332459669E00CAD5B5 /* GameCoordinator.swift */; };
		4E905E36245966B600CAD5B5 /* GameViewController.swift in Sources */ = {isa = PBXBuildFile; fileRef = 4E905E35245966B600CAD5B5 /* GameViewController.swift */; };
		4E905E3A245967FF00CAD5B5 /* Word.swift in Sources */ = {isa = PBXBuildFile; fileRef = 4E905E39245967FF00CAD5B5 /* Word.swift */; };
		4E905E3C2459681900CAD5B5 /* WordsSource.swift in Sources */ = {isa = PBXBuildFile; fileRef = 4E905E3B2459681900CAD5B5 /* WordsSource.swift */; };
		4E905E3E2459682E00CAD5B5 /* WordsSourceError.swift in Sources */ = {isa = PBXBuildFile; fileRef = 4E905E3D2459682E00CAD5B5 /* WordsSourceError.swift */; };
		4E905E402459683C00CAD5B5 /* LocalWordsSource.swift in Sources */ = {isa = PBXBuildFile; fileRef = 4E905E3F2459683C00CAD5B5 /* LocalWordsSource.swift */; };
		4E905E442459689F00CAD5B5 /* LocalWordsSourceTests.swift in Sources */ = {isa = PBXBuildFile; fileRef = 4E905E432459689F00CAD5B5 /* LocalWordsSourceTests.swift */; };
		4E905E4A24596B6E00CAD5B5 /* tests_words.json in Resources */ = {isa = PBXBuildFile; fileRef = 4E905E4924596B6E00CAD5B5 /* tests_words.json */; };
		4E905E4C24596B7900CAD5B5 /* empty_words.json in Resources */ = {isa = PBXBuildFile; fileRef = 4E905E4B24596B7900CAD5B5 /* empty_words.json */; };
		4E905E4E24596D7300CAD5B5 /* words.json in Resources */ = {isa = PBXBuildFile; fileRef = 4E905E4D24596D7300CAD5B5 /* words.json */; };
		4E905E5124596DB000CAD5B5 /* Settings.swift in Sources */ = {isa = PBXBuildFile; fileRef = 4E905E5024596DB000CAD5B5 /* Settings.swift */; };
		4E905E5324596E0B00CAD5B5 /* GameViewModel.swift in Sources */ = {isa = PBXBuildFile; fileRef = 4E905E5224596E0B00CAD5B5 /* GameViewModel.swift */; };
		4E905E5524596F0600CAD5B5 /* Colors.swift in Sources */ = {isa = PBXBuildFile; fileRef = 4E905E5424596F0600CAD5B5 /* Colors.swift */; };
		4E905E5724596FA300CAD5B5 /* LocalizedString.swift in Sources */ = {isa = PBXBuildFile; fileRef = 4E905E5624596FA300CAD5B5 /* LocalizedString.swift */; };
		4E905E5924596FB600CAD5B5 /* Localizable.strings in Resources */ = {isa = PBXBuildFile; fileRef = 4E905E5824596FB600CAD5B5 /* Localizable.strings */; };
/* End PBXBuildFile section */

/* Begin PBXContainerItemProxy section */
		4E905E1D2459654E00CAD5B5 /* PBXContainerItemProxy */ = {
			isa = PBXContainerItemProxy;
			containerPortal = 4E905DFE2459654D00CAD5B5 /* Project object */;
			proxyType = 1;
			remoteGlobalIDString = 4E905E052459654D00CAD5B5;
			remoteInfo = WordFall;
		};
/* End PBXContainerItemProxy section */

/* Begin PBXFileReference section */
		4E905E062459654D00CAD5B5 /* WordFall.app */ = {isa = PBXFileReference; explicitFileType = wrapper.application; includeInIndex = 0; path = WordFall.app; sourceTree = BUILT_PRODUCTS_DIR; };
		4E905E092459654D00CAD5B5 /* AppDelegate.swift */ = {isa = PBXFileReference; lastKnownFileType = sourcecode.swift; path = AppDelegate.swift; sourceTree = "<group>"; };
		4E905E0B2459654D00CAD5B5 /* SceneDelegate.swift */ = {isa = PBXFileReference; lastKnownFileType = sourcecode.swift; path = SceneDelegate.swift; sourceTree = "<group>"; };
		4E905E122459654D00CAD5B5 /* Assets.xcassets */ = {isa = PBXFileReference; lastKnownFileType = folder.assetcatalog; path = Assets.xcassets; sourceTree = "<group>"; };
		4E905E152459654D00CAD5B5 /* Base */ = {isa = PBXFileReference; lastKnownFileType = file.storyboard; name = Base; path = Base.lproj/LaunchScreen.storyboard; sourceTree = "<group>"; };
		4E905E172459654D00CAD5B5 /* Info.plist */ = {isa = PBXFileReference; lastKnownFileType = text.plist.xml; path = Info.plist; sourceTree = "<group>"; };
		4E905E1C2459654E00CAD5B5 /* WordFallTests.xctest */ = {isa = PBXFileReference; explicitFileType = wrapper.cfbundle; includeInIndex = 0; path = WordFallTests.xctest; sourceTree = BUILT_PRODUCTS_DIR; };
		4E905E202459654E00CAD5B5 /* WordFallTests.swift */ = {isa = PBXFileReference; lastKnownFileType = sourcecode.swift; path = WordFallTests.swift; sourceTree = "<group>"; };
		4E905E222459654E00CAD5B5 /* Info.plist */ = {isa = PBXFileReference; lastKnownFileType = text.plist.xml; path = Info.plist; sourceTree = "<group>"; };
		4E905E2F2459667400CAD5B5 /* Coordinator.swift */ = {isa = PBXFileReference; lastKnownFileType = sourcecode.swift; path = Coordinator.swift; sourceTree = "<group>"; };
		4E905E312459668B00CAD5B5 /* AppCoordinator.swift */ = {isa = PBXFileReference; lastKnownFileType = sourcecode.swift; path = AppCoordinator.swift; sourceTree = "<group>"; };
		4E905E332459669E00CAD5B5 /* GameCoordinator.swift */ = {isa = PBXFileReference; lastKnownFileType = sourcecode.swift; path = GameCoordinator.swift; sourceTree = "<group>"; };
		4E905E35245966B600CAD5B5 /* GameViewController.swift */ = {isa = PBXFileReference; lastKnownFileType = sourcecode.swift; path = GameViewController.swift; sourceTree = "<group>"; };
		4E905E39245967FF00CAD5B5 /* Word.swift */ = {isa = PBXFileReference; lastKnownFileType = sourcecode.swift; path = Word.swift; sourceTree = "<group>"; };
		4E905E3B2459681900CAD5B5 /* WordsSource.swift */ = {isa = PBXFileReference; lastKnownFileType = sourcecode.swift; path = WordsSource.swift; sourceTree = "<group>"; };
		4E905E3D2459682E00CAD5B5 /* WordsSourceError.swift */ = {isa = PBXFileReference; lastKnownFileType = sourcecode.swift; path = WordsSourceError.swift; sourceTree = "<group>"; };
		4E905E3F2459683C00CAD5B5 /* LocalWordsSource.swift */ = {isa = PBXFileReference; lastKnownFileType = sourcecode.swift; path = LocalWordsSource.swift; sourceTree = "<group>"; };
		4E905E432459689F00CAD5B5 /* LocalWordsSourceTests.swift */ = {isa = PBXFileReference; lastKnownFileType = sourcecode.swift; path = LocalWordsSourceTests.swift; sourceTree = "<group>"; };
		4E905E4924596B6E00CAD5B5 /* tests_words.json */ = {isa = PBXFileReference; fileEncoding = 4; lastKnownFileType = text.json; path = tests_words.json; sourceTree = "<group>"; };
		4E905E4B24596B7900CAD5B5 /* empty_words.json */ = {isa = PBXFileReference; lastKnownFileType = text.json; path = empty_words.json; sourceTree = "<group>"; };
		4E905E4D24596D7300CAD5B5 /* words.json */ = {isa = PBXFileReference; fileEncoding = 4; lastKnownFileType = text.json; path = words.json; sourceTree = "<group>"; };
		4E905E5024596DB000CAD5B5 /* Settings.swift */ = {isa = PBXFileReference; lastKnownFileType = sourcecode.swift; path = Settings.swift; sourceTree = "<group>"; };
		4E905E5224596E0B00CAD5B5 /* GameViewModel.swift */ = {isa = PBXFileReference; lastKnownFileType = sourcecode.swift; path = GameViewModel.swift; sourceTree = "<group>"; };
		4E905E5424596F0600CAD5B5 /* Colors.swift */ = {isa = PBXFileReference; lastKnownFileType = sourcecode.swift; path = Colors.swift; sourceTree = "<group>"; };
		4E905E5624596FA300CAD5B5 /* LocalizedString.swift */ = {isa = PBXFileReference; lastKnownFileType = sourcecode.swift; path = LocalizedString.swift; sourceTree = "<group>"; };
		4E905E5824596FB600CAD5B5 /* Localizable.strings */ = {isa = PBXFileReference; lastKnownFileType = text.plist.strings; path = Localizable.strings; sourceTree = "<group>"; };
/* End PBXFileReference section */

/* Begin PBXFrameworksBuildPhase section */
		4E905E032459654D00CAD5B5 /* Frameworks */ = {
			isa = PBXFrameworksBuildPhase;
			buildActionMask = 2147483647;
			files = (
			);
			runOnlyForDeploymentPostprocessing = 0;
		};
		4E905E192459654E00CAD5B5 /* Frameworks */ = {
			isa = PBXFrameworksBuildPhase;
			buildActionMask = 2147483647;
			files = (
			);
			runOnlyForDeploymentPostprocessing = 0;
		};
/* End PBXFrameworksBuildPhase section */

/* Begin PBXGroup section */
		4E905DFD2459654D00CAD5B5 = {
			isa = PBXGroup;
			children = (
				4E905E082459654D00CAD5B5 /* WordFall */,
				4E905E1F2459654E00CAD5B5 /* WordFallTests */,
				4E905E072459654D00CAD5B5 /* Products */,
			);
			sourceTree = "<group>";
		};
		4E905E072459654D00CAD5B5 /* Products */ = {
			isa = PBXGroup;
			children = (
				4E905E062459654D00CAD5B5 /* WordFall.app */,
				4E905E1C2459654E00CAD5B5 /* WordFallTests.xctest */,
			);
			name = Products;
			sourceTree = "<group>";
		};
		4E905E082459654D00CAD5B5 /* WordFall */ = {
			isa = PBXGroup;
			children = (
				4E905E092459654D00CAD5B5 /* AppDelegate.swift */,
				4E905E0B2459654D00CAD5B5 /* SceneDelegate.swift */,
				4E905E37245967DB00CAD5B5 /* Core */,
				4E905E2D2459664500CAD5B5 /* Modules */,
				4E905E2B2459663000CAD5B5 /* Assets */,
				4E905E2C2459663700CAD5B5 /* Misc */,
			);
			path = WordFall;
			sourceTree = "<group>";
		};
		4E905E1F2459654E00CAD5B5 /* WordFallTests */ = {
			isa = PBXGroup;
			children = (
				4E905E4824596B6E00CAD5B5 /* Assets */,
				4E905E412459687E00CAD5B5 /* Core */,
				4E905E202459654E00CAD5B5 /* WordFallTests.swift */,
				4E905E222459654E00CAD5B5 /* Info.plist */,
			);
			path = WordFallTests;
			sourceTree = "<group>";
		};
		4E905E2B2459663000CAD5B5 /* Assets */ = {
			isa = PBXGroup;
			children = (
				4E905E4D24596D7300CAD5B5 /* words.json */,
				4E905E122459654D00CAD5B5 /* Assets.xcassets */,
				4E905E142459654D00CAD5B5 /* LaunchScreen.storyboard */,
				4E905E5824596FB600CAD5B5 /* Localizable.strings */,
			);
			path = Assets;
			sourceTree = "<group>";
		};
		4E905E2C2459663700CAD5B5 /* Misc */ = {
			isa = PBXGroup;
			children = (
				4E905E172459654D00CAD5B5 /* Info.plist */,
			);
			path = Misc;
			sourceTree = "<group>";
		};
		4E905E2D2459664500CAD5B5 /* Modules */ = {
			isa = PBXGroup;
			children = (
				4E905E2E2459666500CAD5B5 /* Game */,
				4E905E2F2459667400CAD5B5 /* Coordinator.swift */,
				4E905E312459668B00CAD5B5 /* AppCoordinator.swift */,
			);
			path = Modules;
			sourceTree = "<group>";
		};
		4E905E2E2459666500CAD5B5 /* Game */ = {
			isa = PBXGroup;
			children = (
				4E905E332459669E00CAD5B5 /* GameCoordinator.swift */,
				4E905E35245966B600CAD5B5 /* GameViewController.swift */,
				4E905E5224596E0B00CAD5B5 /* GameViewModel.swift */,
			);
			path = Game;
			sourceTree = "<group>";
		};
		4E905E37245967DB00CAD5B5 /* Core */ = {
			isa = PBXGroup;
			children = (
				4E905E4F24596D9F00CAD5B5 /* Settings */,
				4E905E38245967EA00CAD5B5 /* WordsSource */,
				4E905E5424596F0600CAD5B5 /* Colors.swift */,
				4E905E5624596FA300CAD5B5 /* LocalizedString.swift */,
			);
			path = Core;
			sourceTree = "<group>";
		};
		4E905E38245967EA00CAD5B5 /* WordsSource */ = {
			isa = PBXGroup;
			children = (
				4E905E39245967FF00CAD5B5 /* Word.swift */,
				4E905E3B2459681900CAD5B5 /* WordsSource.swift */,
				4E905E3D2459682E00CAD5B5 /* WordsSourceError.swift */,
				4E905E3F2459683C00CAD5B5 /* LocalWordsSource.swift */,
			);
			path = WordsSource;
			sourceTree = "<group>";
		};
		4E905E412459687E00CAD5B5 /* Core */ = {
			isa = PBXGroup;
			children = (
				4E905E422459688300CAD5B5 /* WordsSource */,
			);
			path = Core;
			sourceTree = "<group>";
		};
		4E905E422459688300CAD5B5 /* WordsSource */ = {
			isa = PBXGroup;
			children = (
				4E905E432459689F00CAD5B5 /* LocalWordsSourceTests.swift */,
			);
			path = WordsSource;
			sourceTree = "<group>";
		};
		4E905E4824596B6E00CAD5B5 /* Assets */ = {
			isa = PBXGroup;
			children = (
				4E905E4924596B6E00CAD5B5 /* tests_words.json */,
				4E905E4B24596B7900CAD5B5 /* empty_words.json */,
			);
			path = Assets;
			sourceTree = "<group>";
		};
		4E905E4F24596D9F00CAD5B5 /* Settings */ = {
			isa = PBXGroup;
			children = (
				4E905E5024596DB000CAD5B5 /* Settings.swift */,
			);
			path = Settings;
			sourceTree = "<group>";
		};
/* End PBXGroup section */

/* Begin PBXNativeTarget section */
		4E905E052459654D00CAD5B5 /* WordFall */ = {
			isa = PBXNativeTarget;
			buildConfigurationList = 4E905E252459654E00CAD5B5 /* Build configuration list for PBXNativeTarget "WordFall" */;
			buildPhases = (
				4E905E022459654D00CAD5B5 /* Sources */,
				4E905E032459654D00CAD5B5 /* Frameworks */,
				4E905E042459654D00CAD5B5 /* Resources */,
			);
			buildRules = (
			);
			dependencies = (
			);
			name = WordFall;
			productName = WordFall;
			productReference = 4E905E062459654D00CAD5B5 /* WordFall.app */;
			productType = "com.apple.product-type.application";
		};
		4E905E1B2459654E00CAD5B5 /* WordFallTests */ = {
			isa = PBXNativeTarget;
			buildConfigurationList = 4E905E282459654E00CAD5B5 /* Build configuration list for PBXNativeTarget "WordFallTests" */;
			buildPhases = (
				4E905E182459654E00CAD5B5 /* Sources */,
				4E905E192459654E00CAD5B5 /* Frameworks */,
				4E905E1A2459654E00CAD5B5 /* Resources */,
			);
			buildRules = (
			);
			dependencies = (
				4E905E1E2459654E00CAD5B5 /* PBXTargetDependency */,
			);
			name = WordFallTests;
			productName = WordFallTests;
			productReference = 4E905E1C2459654E00CAD5B5 /* WordFallTests.xctest */;
			productType = "com.apple.product-type.bundle.unit-test";
		};
/* End PBXNativeTarget section */

/* Begin PBXProject section */
		4E905DFE2459654D00CAD5B5 /* Project object */ = {
			isa = PBXProject;
			attributes = {
				LastSwiftUpdateCheck = 1140;
				LastUpgradeCheck = 1140;
				ORGANIZATIONNAME = "Ivan Lisovyi";
				TargetAttributes = {
					4E905E052459654D00CAD5B5 = {
						CreatedOnToolsVersion = 11.4.1;
					};
					4E905E1B2459654E00CAD5B5 = {
						CreatedOnToolsVersion = 11.4.1;
						TestTargetID = 4E905E052459654D00CAD5B5;
					};
				};
			};
			buildConfigurationList = 4E905E012459654D00CAD5B5 /* Build configuration list for PBXProject "WordFall" */;
			compatibilityVersion = "Xcode 9.3";
			developmentRegion = en;
			hasScannedForEncodings = 0;
			knownRegions = (
				en,
				Base,
			);
			mainGroup = 4E905DFD2459654D00CAD5B5;
			productRefGroup = 4E905E072459654D00CAD5B5 /* Products */;
			projectDirPath = "";
			projectRoot = "";
			targets = (
				4E905E052459654D00CAD5B5 /* WordFall */,
				4E905E1B2459654E00CAD5B5 /* WordFallTests */,
			);
		};
/* End PBXProject section */

/* Begin PBXResourcesBuildPhase section */
		4E905E042459654D00CAD5B5 /* Resources */ = {
			isa = PBXResourcesBuildPhase;
			buildActionMask = 2147483647;
			files = (
				4E905E4E24596D7300CAD5B5 /* words.json in Resources */,
				4E905E5924596FB600CAD5B5 /* Localizable.strings in Resources */,
				4E905E162459654D00CAD5B5 /* LaunchScreen.storyboard in Resources */,
				4E905E132459654D00CAD5B5 /* Assets.xcassets in Resources */,
			);
			runOnlyForDeploymentPostprocessing = 0;
		};
		4E905E1A2459654E00CAD5B5 /* Resources */ = {
			isa = PBXResourcesBuildPhase;
			buildActionMask = 2147483647;
			files = (
				4E905E4A24596B6E00CAD5B5 /* tests_words.json in Resources */,
				4E905E4C24596B7900CAD5B5 /* empty_words.json in Resources */,
			);
			runOnlyForDeploymentPostprocessing = 0;
		};
/* End PBXResourcesBuildPhase section */

/* Begin PBXSourcesBuildPhase section */
		4E905E022459654D00CAD5B5 /* Sources */ = {
			isa = PBXSourcesBuildPhase;
			buildActionMask = 2147483647;
			files = (
				4E905E5324596E0B00CAD5B5 /* GameViewModel.swift in Sources */,
				4E905E342459669E00CAD5B5 /* GameCoordinator.swift in Sources */,
				4E905E3A245967FF00CAD5B5 /* Word.swift in Sources */,
				4E905E322459668B00CAD5B5 /* AppCoordinator.swift in Sources */,
				4E905E3E2459682E00CAD5B5 /* WordsSourceError.swift in Sources */,
				4E905E0A2459654D00CAD5B5 /* AppDelegate.swift in Sources */,
				4E905E3C2459681900CAD5B5 /* WordsSource.swift in Sources */,
				4E905E402459683C00CAD5B5 /* LocalWordsSource.swift in Sources */,
				4E905E5524596F0600CAD5B5 /* Colors.swift in Sources */,
				4E905E0C2459654D00CAD5B5 /* SceneDelegate.swift in Sources */,
				4E905E5724596FA300CAD5B5 /* LocalizedString.swift in Sources */,
				4E905E36245966B600CAD5B5 /* GameViewController.swift in Sources */,
				4E905E5124596DB000CAD5B5 /* Settings.swift in Sources */,
				4E905E302459667400CAD5B5 /* Coordinator.swift in Sources */,
			);
			runOnlyForDeploymentPostprocessing = 0;
		};
		4E905E182459654E00CAD5B5 /* Sources */ = {
			isa = PBXSourcesBuildPhase;
			buildActionMask = 2147483647;
			files = (
				4E905E442459689F00CAD5B5 /* LocalWordsSourceTests.swift in Sources */,
				4E905E212459654E00CAD5B5 /* WordFallTests.swift in Sources */,
			);
			runOnlyForDeploymentPostprocessing = 0;
		};
/* End PBXSourcesBuildPhase section */

/* Begin PBXTargetDependency section */
		4E905E1E2459654E00CAD5B5 /* PBXTargetDependency */ = {
			isa = PBXTargetDependency;
			target = 4E905E052459654D00CAD5B5 /* WordFall */;
			targetProxy = 4E905E1D2459654E00CAD5B5 /* PBXContainerItemProxy */;
		};
/* End PBXTargetDependency section */

/* Begin PBXVariantGroup section */
		4E905E142459654D00CAD5B5 /* LaunchScreen.storyboard */ = {
			isa = PBXVariantGroup;
			children = (
				4E905E152459654D00CAD5B5 /* Base */,
			);
			name = LaunchScreen.storyboard;
			sourceTree = "<group>";
		};
/* End PBXVariantGroup section */

/* Begin XCBuildConfiguration section */
		4E905E232459654E00CAD5B5 /* Debug */ = {
			isa = XCBuildConfiguration;
			buildSettings = {
				ALWAYS_SEARCH_USER_PATHS = NO;
				CLANG_ANALYZER_NONNULL = YES;
				CLANG_ANALYZER_NUMBER_OBJECT_CONVERSION = YES_AGGRESSIVE;
				CLANG_CXX_LANGUAGE_STANDARD = "gnu++14";
				CLANG_CXX_LIBRARY = "libc++";
				CLANG_ENABLE_MODULES = YES;
				CLANG_ENABLE_OBJC_ARC = YES;
				CLANG_ENABLE_OBJC_WEAK = YES;
				CLANG_WARN_BLOCK_CAPTURE_AUTORELEASING = YES;
				CLANG_WARN_BOOL_CONVERSION = YES;
				CLANG_WARN_COMMA = YES;
				CLANG_WARN_CONSTANT_CONVERSION = YES;
				CLANG_WARN_DEPRECATED_OBJC_IMPLEMENTATIONS = YES;
				CLANG_WARN_DIRECT_OBJC_ISA_USAGE = YES_ERROR;
				CLANG_WARN_DOCUMENTATION_COMMENTS = YES;
				CLANG_WARN_EMPTY_BODY = YES;
				CLANG_WARN_ENUM_CONVERSION = YES;
				CLANG_WARN_INFINITE_RECURSION = YES;
				CLANG_WARN_INT_CONVERSION = YES;
				CLANG_WARN_NON_LITERAL_NULL_CONVERSION = YES;
				CLANG_WARN_OBJC_IMPLICIT_RETAIN_SELF = YES;
				CLANG_WARN_OBJC_LITERAL_CONVERSION = YES;
				CLANG_WARN_OBJC_ROOT_CLASS = YES_ERROR;
				CLANG_WARN_RANGE_LOOP_ANALYSIS = YES;
				CLANG_WARN_STRICT_PROTOTYPES = YES;
				CLANG_WARN_SUSPICIOUS_MOVE = YES;
				CLANG_WARN_UNGUARDED_AVAILABILITY = YES_AGGRESSIVE;
				CLANG_WARN_UNREACHABLE_CODE = YES;
				CLANG_WARN__DUPLICATE_METHOD_MATCH = YES;
				COPY_PHASE_STRIP = NO;
				DEBUG_INFORMATION_FORMAT = dwarf;
				ENABLE_STRICT_OBJC_MSGSEND = YES;
				ENABLE_TESTABILITY = YES;
				GCC_C_LANGUAGE_STANDARD = gnu11;
				GCC_DYNAMIC_NO_PIC = NO;
				GCC_NO_COMMON_BLOCKS = YES;
				GCC_OPTIMIZATION_LEVEL = 0;
				GCC_PREPROCESSOR_DEFINITIONS = (
					"DEBUG=1",
					"$(inherited)",
				);
				GCC_WARN_64_TO_32_BIT_CONVERSION = YES;
				GCC_WARN_ABOUT_RETURN_TYPE = YES_ERROR;
				GCC_WARN_UNDECLARED_SELECTOR = YES;
				GCC_WARN_UNINITIALIZED_AUTOS = YES_AGGRESSIVE;
				GCC_WARN_UNUSED_FUNCTION = YES;
				GCC_WARN_UNUSED_VARIABLE = YES;
				IPHONEOS_DEPLOYMENT_TARGET = 13.4;
				MTL_ENABLE_DEBUG_INFO = INCLUDE_SOURCE;
				MTL_FAST_MATH = YES;
				ONLY_ACTIVE_ARCH = YES;
				SDKROOT = iphoneos;
				SWIFT_ACTIVE_COMPILATION_CONDITIONS = DEBUG;
				SWIFT_OPTIMIZATION_LEVEL = "-Onone";
			};
			name = Debug;
		};
		4E905E242459654E00CAD5B5 /* Release */ = {
			isa = XCBuildConfiguration;
			buildSettings = {
				ALWAYS_SEARCH_USER_PATHS = NO;
				CLANG_ANALYZER_NONNULL = YES;
				CLANG_ANALYZER_NUMBER_OBJECT_CONVERSION = YES_AGGRESSIVE;
				CLANG_CXX_LANGUAGE_STANDARD = "gnu++14";
				CLANG_CXX_LIBRARY = "libc++";
				CLANG_ENABLE_MODULES = YES;
				CLANG_ENABLE_OBJC_ARC = YES;
				CLANG_ENABLE_OBJC_WEAK = YES;
				CLANG_WARN_BLOCK_CAPTURE_AUTORELEASING = YES;
				CLANG_WARN_BOOL_CONVERSION = YES;
				CLANG_WARN_COMMA = YES;
				CLANG_WARN_CONSTANT_CONVERSION = YES;
				CLANG_WARN_DEPRECATED_OBJC_IMPLEMENTATIONS = YES;
				CLANG_WARN_DIRECT_OBJC_ISA_USAGE = YES_ERROR;
				CLANG_WARN_DOCUMENTATION_COMMENTS = YES;
				CLANG_WARN_EMPTY_BODY = YES;
				CLANG_WARN_ENUM_CONVERSION = YES;
				CLANG_WARN_INFINITE_RECURSION = YES;
				CLANG_WARN_INT_CONVERSION = YES;
				CLANG_WARN_NON_LITERAL_NULL_CONVERSION = YES;
				CLANG_WARN_OBJC_IMPLICIT_RETAIN_SELF = YES;
				CLANG_WARN_OBJC_LITERAL_CONVERSION = YES;
				CLANG_WARN_OBJC_ROOT_CLASS = YES_ERROR;
				CLANG_WARN_RANGE_LOOP_ANALYSIS = YES;
				CLANG_WARN_STRICT_PROTOTYPES = YES;
				CLANG_WARN_SUSPICIOUS_MOVE = YES;
				CLANG_WARN_UNGUARDED_AVAILABILITY = YES_AGGRESSIVE;
				CLANG_WARN_UNREACHABLE_CODE = YES;
				CLANG_WARN__DUPLICATE_METHOD_MATCH = YES;
				COPY_PHASE_STRIP = NO;
				DEBUG_INFORMATION_FORMAT = "dwarf-with-dsym";
				ENABLE_NS_ASSERTIONS = NO;
				ENABLE_STRICT_OBJC_MSGSEND = YES;
				GCC_C_LANGUAGE_STANDARD = gnu11;
				GCC_NO_COMMON_BLOCKS = YES;
				GCC_WARN_64_TO_32_BIT_CONVERSION = YES;
				GCC_WARN_ABOUT_RETURN_TYPE = YES_ERROR;
				GCC_WARN_UNDECLARED_SELECTOR = YES;
				GCC_WARN_UNINITIALIZED_AUTOS = YES_AGGRESSIVE;
				GCC_WARN_UNUSED_FUNCTION = YES;
				GCC_WARN_UNUSED_VARIABLE = YES;
				IPHONEOS_DEPLOYMENT_TARGET = 13.4;
				MTL_ENABLE_DEBUG_INFO = NO;
				MTL_FAST_MATH = YES;
				SDKROOT = iphoneos;
				SWIFT_COMPILATION_MODE = wholemodule;
				SWIFT_OPTIMIZATION_LEVEL = "-O";
				VALIDATE_PRODUCT = YES;
			};
			name = Release;
		};
		4E905E262459654E00CAD5B5 /* Debug */ = {
			isa = XCBuildConfiguration;
			buildSettings = {
				ASSETCATALOG_COMPILER_APPICON_NAME = AppIcon;
				CODE_SIGN_STYLE = Automatic;
				INFOPLIST_FILE = WordFall/Misc/Info.plist;
				LD_RUNPATH_SEARCH_PATHS = (
					"$(inherited)",
					"@executable_path/Frameworks",
				);
				PRODUCT_BUNDLE_IDENTIFIER = com.ivanlisovyi.WordFall;
				PRODUCT_NAME = "$(TARGET_NAME)";
				SWIFT_VERSION = 5.0;
				TARGETED_DEVICE_FAMILY = "1,2";
			};
			name = Debug;
		};
		4E905E272459654E00CAD5B5 /* Release */ = {
			isa = XCBuildConfiguration;
			buildSettings = {
				ASSETCATALOG_COMPILER_APPICON_NAME = AppIcon;
				CODE_SIGN_STYLE = Automatic;
				INFOPLIST_FILE = WordFall/Misc/Info.plist;
				LD_RUNPATH_SEARCH_PATHS = (
					"$(inherited)",
					"@executable_path/Frameworks",
				);
				PRODUCT_BUNDLE_IDENTIFIER = com.ivanlisovyi.WordFall;
				PRODUCT_NAME = "$(TARGET_NAME)";
				SWIFT_VERSION = 5.0;
				TARGETED_DEVICE_FAMILY = "1,2";
			};
			name = Release;
		};
		4E905E292459654E00CAD5B5 /* Debug */ = {
			isa = XCBuildConfiguration;
			buildSettings = {
				ALWAYS_EMBED_SWIFT_STANDARD_LIBRARIES = YES;
				BUNDLE_LOADER = "$(TEST_HOST)";
				CODE_SIGN_STYLE = Automatic;
				INFOPLIST_FILE = WordFallTests/Info.plist;
				IPHONEOS_DEPLOYMENT_TARGET = 13.4;
				LD_RUNPATH_SEARCH_PATHS = (
					"$(inherited)",
					"@executable_path/Frameworks",
					"@loader_path/Frameworks",
				);
				PRODUCT_BUNDLE_IDENTIFIER = com.ivanlisovyi.WordFallTests;
				PRODUCT_NAME = "$(TARGET_NAME)";
				SWIFT_VERSION = 5.0;
				TARGETED_DEVICE_FAMILY = "1,2";
				TEST_HOST = "$(BUILT_PRODUCTS_DIR)/WordFall.app/WordFall";
			};
			name = Debug;
		};
		4E905E2A2459654E00CAD5B5 /* Release */ = {
			isa = XCBuildConfiguration;
			buildSettings = {
				ALWAYS_EMBED_SWIFT_STANDARD_LIBRARIES = YES;
				BUNDLE_LOADER = "$(TEST_HOST)";
				CODE_SIGN_STYLE = Automatic;
				INFOPLIST_FILE = WordFallTests/Info.plist;
				IPHONEOS_DEPLOYMENT_TARGET = 13.4;
				LD_RUNPATH_SEARCH_PATHS = (
					"$(inherited)",
					"@executable_path/Frameworks",
					"@loader_path/Frameworks",
				);
				PRODUCT_BUNDLE_IDENTIFIER = com.ivanlisovyi.WordFallTests;
				PRODUCT_NAME = "$(TARGET_NAME)";
				SWIFT_VERSION = 5.0;
				TARGETED_DEVICE_FAMILY = "1,2";
				TEST_HOST = "$(BUILT_PRODUCTS_DIR)/WordFall.app/WordFall";
			};
			name = Release;
		};
/* End XCBuildConfiguration section */

/* Begin XCConfigurationList section */
		4E905E012459654D00CAD5B5 /* Build configuration list for PBXProject "WordFall" */ = {
			isa = XCConfigurationList;
			buildConfigurations = (
				4E905E232459654E00CAD5B5 /* Debug */,
				4E905E242459654E00CAD5B5 /* Release */,
			);
			defaultConfigurationIsVisible = 0;
			defaultConfigurationName = Release;
		};
		4E905E252459654E00CAD5B5 /* Build configuration list for PBXNativeTarget "WordFall" */ = {
			isa = XCConfigurationList;
			buildConfigurations = (
				4E905E262459654E00CAD5B5 /* Debug */,
				4E905E272459654E00CAD5B5 /* Release */,
			);
			defaultConfigurationIsVisible = 0;
			defaultConfigurationName = Release;
		};
		4E905E282459654E00CAD5B5 /* Build configuration list for PBXNativeTarget "WordFallTests" */ = {
			isa = XCConfigurationList;
			buildConfigurations = (
				4E905E292459654E00CAD5B5 /* Debug */,
				4E905E2A2459654E00CAD5B5 /* Release */,
			);
			defaultConfigurationIsVisible = 0;
			defaultConfigurationName = Release;
		};
/* End XCConfigurationList section */
	};
	rootObject = 4E905DFE2459654D00CAD5B5 /* Project object */;
}
